
Microsoft Visual Studio Solution File, Format Version 11.00
# Visual Studio 2010
Project("{FAE04EC0-301F-11D3-BF4B-00C04F79EFBC}") = "Grease", "Grease\Grease.csproj", "{4F31C7F2-8D30-4C4F-A0C7-6E2AB1ADDAFB}"
EndProject
Project("{FAE04EC0-301F-11D3-BF4B-00C04F79EFBC}") = "Grease.Core", "Grease.Core\Grease.Core.csproj", "{B217D8AA-A050-40E9-BF3F-C2FA48A7F124}"
EndProject
Project("{FAE04EC0-301F-11D3-BF4B-00C04F79EFBC}") = "Grease.Tests", "Grease.Tests\Grease.Tests.csproj", "{2F04C63F-8341-48F9-82C4-66F605D5201B}"
EndProject
Global
	GlobalSection(SolutionConfigurationPlatforms) = preSolution
		Debug|Any CPU = Debug|Any CPU
		Debug|Mixed Platforms = Debug|Mixed Platforms
		Debug|x86 = Debug|x86
		Release|Any CPU = Release|Any CPU
		Release|Mixed Platforms = Release|Mixed Platforms
		Release|x86 = Release|x86
	EndGlobalSection
	GlobalSection(ProjectConfigurationPlatforms) = postSolution
		{4F31C7F2-8D30-4C4F-A0C7-6E2AB1ADDAFB}.Debug|Any CPU.ActiveCfg = Debug|x86
		{4F31C7F2-8D30-4C4F-A0C7-6E2AB1ADDAFB}.Debug|Mixed Platforms.ActiveCfg = Debug|x86
		{4F31C7F2-8D30-4C4F-A0C7-6E2AB1ADDAFB}.Debug|Mixed Platforms.Build.0 = Debug|x86
		{4F31C7F2-8D30-4C4F-A0C7-6E2AB1ADDAFB}.Debug|x86.ActiveCfg = Debug|x86
		{4F31C7F2-8D30-4C4F-A0C7-6E2AB1ADDAFB}.Debug|x86.Build.0 = Debug|x86
		{4F31C7F2-8D30-4C4F-A0C7-6E2AB1ADDAFB}.Release|Any CPU.ActiveCfg = Release|x86
		{4F31C7F2-8D30-4C4F-A0C7-6E2AB1ADDAFB}.Release|Mixed Platforms.ActiveCfg = Release|x86
		{4F31C7F2-8D30-4C4F-A0C7-6E2AB1ADDAFB}.Release|Mixed Platforms.Build.0 = Release|x86
		{4F31C7F2-8D30-4C4F-A0C7-6E2AB1ADDAFB}.Release|x86.ActiveCfg = Release|x86
		{4F31C7F2-8D30-4C4F-A0C7-6E2AB1ADDAFB}.Release|x86.Build.0 = Release|x86
		{B217D8AA-A050-40E9-BF3F-C2FA48A7F124}.Debug|Any CPU.ActiveCfg = Debug|Any CPU
		{B217D8AA-A050-40E9-BF3F-C2FA48A7F124}.Debug|Any CPU.Build.0 = Debug|Any CPU
		{B217D8AA-A050-40E9-BF3F-C2FA48A7F124}.Debug|Mixed Platforms.ActiveCfg = Debug|Any CPU
		{B217D8AA-A050-40E9-BF3F-C2FA48A7F124}.Debug|Mixed Platforms.Build.0 = Debug|Any CPU
		{B217D8AA-A050-40E9-BF3F-C2FA48A7F124}.Debug|x86.ActiveCfg = Debug|Any CPU
		{B217D8AA-A050-40E9-BF3F-C2FA48A7F124}.Release|Any CPU.ActiveCfg = Release|Any CPU
		{B217D8AA-A050-40E9-BF3F-C2FA48A7F124}.Release|Any CPU.Build.0 = Release|Any CPU
		{B217D8AA-A050-40E9-BF3F-C2FA48A7F124}.Release|Mixed Platforms.ActiveCfg = Release|Any CPU
		{B217D8AA-A050-40E9-BF3F-C2FA48A7F124}.Release|Mixed Platforms.Build.0 = Release|Any CPU
		{B217D8AA-A050-40E9-BF3F-C2FA48A7F124}.Release|x86.ActiveCfg = Release|Any CPU
		{2F04C63F-8341-48F9-82C4-66F605D5201B}.Debug|Any CPU.ActiveCfg = Debug|Any CPU
		{2F04C63F-8341-48F9-82C4-66F605D5201B}.Debug|Any CPU.Build.0 = Debug|Any CPU
		{2F04C63F-8341-48F9-82C4-66F605D5201B}.Debug|Mixed Platforms.ActiveCfg = Debug|Any CPU
		{2F04C63F-8341-48F9-82C4-66F605D5201B}.Debug|Mixed Platforms.Build.0 = Debug|Any CPU
		{2F04C63F-8341-48F9-82C4-66F605D5201B}.Debug|x86.ActiveCfg = Debug|Any CPU
		{2F04C63F-8341-48F9-82C4-66F605D5201B}.Release|Any CPU.ActiveCfg = Release|Any CPU
		{2F04C63F-8341-48F9-82C4-66F605D5201B}.Release|Any CPU.Build.0 = Release|Any CPU
		{2F04C63F-8341-48F9-82C4-66F605D5201B}.Release|Mixed Platforms.ActiveCfg = Release|Any CPU
		{2F04C63F-8341-48F9-82C4-66F605D5201B}.Release|Mixed Platforms.Build.0 = Release|Any CPU
		{2F04C63F-8341-48F9-82C4-66F605D5201B}.Release|x86.ActiveCfg = Release|Any CPU
	EndGlobalSection
	GlobalSection(SolutionProperties) = preSolution
		HideSolutionNode = FALSE
	EndGlobalSection
EndGlobal
